
Microsoft Visual Studio Solution File, Format Version 12.00
# Visual Studio Version 17
VisualStudioVersion = 17.0.31903.59
MinimumVisualStudioVersion = 10.0.40219.1
Project("{2150E333-8FDC-42A3-9474-1A3956D46DE8}") = "src", "src", "{827E0CD3-B72D-47B6-A68D-7590B98EB39B}"
EndProject
Project("{FAE04EC0-301F-11D3-BF4B-00C04F79EFBC}") = "NumbatWallet.SharedKernel", "src\NumbatWallet.SharedKernel\NumbatWallet.SharedKernel.csproj", "{97A72E53-F600-42D0-BC74-5745628A5BD6}"
EndProject
Project("{FAE04EC0-301F-11D3-BF4B-00C04F79EFBC}") = "NumbatWallet.Domain", "src\NumbatWallet.Domain\NumbatWallet.Domain.csproj", "{490B2C9D-2DD6-4321-ADE0-23D8C1C87CC6}"
EndProject
Project("{FAE04EC0-301F-11D3-BF4B-00C04F79EFBC}") = "NumbatWallet.Application", "src\NumbatWallet.Application\NumbatWallet.Application.csproj", "{F328B854-1675-4407-84BD-EAC9587D147E}"
EndProject
Project("{FAE04EC0-301F-11D3-BF4B-00C04F79EFBC}") = "NumbatWallet.Infrastructure", "src\NumbatWallet.Infrastructure\NumbatWallet.Infrastructure.csproj", "{FE8CA630-5286-4DB8-AFD7-5760F0E6CD43}"
EndProject
Project("{FAE04EC0-301F-11D3-BF4B-00C04F79EFBC}") = "NumbatWallet.Web.Api", "src\NumbatWallet.Web.Api\NumbatWallet.Web.Api.csproj", "{B5622B7C-2576-403F-93DE-6231CE0FC243}"
EndProject
Project("{FAE04EC0-301F-11D3-BF4B-00C04F79EFBC}") = "NumbatWallet.Web.Admin", "src\NumbatWallet.Web.Admin\NumbatWallet.Web.Admin.csproj", "{74DC15E7-322E-4D20-8CC4-2D50EF4A3801}"
EndProject
Project("{2150E333-8FDC-42A3-9474-1A3956D46DE8}") = "Tests", "Tests", "{CEA09484-30F6-4D44-02F6-822E06DBC57C}"
EndProject
Project("{FAE04EC0-301F-11D3-BF4B-00C04F79EFBC}") = "NumbatWallet.SharedKernel.Tests", "src\Tests\NumbatWallet.SharedKernel.Tests\NumbatWallet.SharedKernel.Tests.csproj", "{16109077-81BD-49DF-B2B2-C8D7AC4F43B4}"
EndProject
Project("{FAE04EC0-301F-11D3-BF4B-00C04F79EFBC}") = "NumbatWallet.Domain.Tests", "src\Tests\NumbatWallet.Domain.Tests\NumbatWallet.Domain.Tests.csproj", "{3327BF2A-0B70-48F9-96C7-A581617086D4}"
EndProject
Project("{FAE04EC0-301F-11D3-BF4B-00C04F79EFBC}") = "NumbatWallet.Application.Tests", "src\Tests\NumbatWallet.Application.Tests\NumbatWallet.Application.Tests.csproj", "{A2A2FC25-AC70-49E3-BDE0-03184A6691D5}"
EndProject
Project("{FAE04EC0-301F-11D3-BF4B-00C04F79EFBC}") = "NumbatWallet.Infrastructure.Tests", "src\Tests\NumbatWallet.Infrastructure.Tests\NumbatWallet.Infrastructure.Tests.csproj", "{E2C42F7C-8868-4D20-9823-74E79B67C73F}"
EndProject
Project("{FAE04EC0-301F-11D3-BF4B-00C04F79EFBC}") = "NumbatWallet.Web.Api.Tests", "src\Tests\NumbatWallet.Web.Api.Tests\NumbatWallet.Web.Api.Tests.csproj", "{F25822ED-67F7-43AD-BFEB-FE22B4516753}"
EndProject
Project("{FAE04EC0-301F-11D3-BF4B-00C04F79EFBC}") = "NumbatWallet.Web.Admin.Tests", "src\Tests\NumbatWallet.Web.Admin.Tests\NumbatWallet.Web.Admin.Tests.csproj", "{87DC4E54-20D0-42F6-8A7E-3DEF7ACA7AAB}"
EndProject
Global
	GlobalSection(SolutionConfigurationPlatforms) = preSolution
		Debug|Any CPU = Debug|Any CPU
		Debug|x64 = Debug|x64
		Debug|x86 = Debug|x86
		Release|Any CPU = Release|Any CPU
		Release|x64 = Release|x64
		Release|x86 = Release|x86
	EndGlobalSection
	GlobalSection(ProjectConfigurationPlatforms) = postSolution
		{97A72E53-F600-42D0-BC74-5745628A5BD6}.Debug|Any CPU.ActiveCfg = Debug|Any CPU
		{97A72E53-F600-42D0-BC74-5745628A5BD6}.Debug|Any CPU.Build.0 = Debug|Any CPU
		{97A72E53-F600-42D0-BC74-5745628A5BD6}.Debug|x64.ActiveCfg = Debug|Any CPU
		{97A72E53-F600-42D0-BC74-5745628A5BD6}.Debug|x64.Build.0 = Debug|Any CPU
		{97A72E53-F600-42D0-BC74-5745628A5BD6}.Debug|x86.ActiveCfg = Debug|Any CPU
		{97A72E53-F600-42D0-BC74-5745628A5BD6}.Debug|x86.Build.0 = Debug|Any CPU
		{97A72E53-F600-42D0-BC74-5745628A5BD6}.Release|Any CPU.ActiveCfg = Release|Any CPU
		{97A72E53-F600-42D0-BC74-5745628A5BD6}.Release|Any CPU.Build.0 = Release|Any CPU
		{97A72E53-F600-42D0-BC74-5745628A5BD6}.Release|x64.ActiveCfg = Release|Any CPU
		{97A72E53-F600-42D0-BC74-5745628A5BD6}.Release|x64.Build.0 = Release|Any CPU
		{97A72E53-F600-42D0-BC74-5745628A5BD6}.Release|x86.ActiveCfg = Release|Any CPU
		{97A72E53-F600-42D0-BC74-5745628A5BD6}.Release|x86.Build.0 = Release|Any CPU
		{490B2C9D-2DD6-4321-ADE0-23D8C1C87CC6}.Debug|Any CPU.ActiveCfg = Debug|Any CPU
		{490B2C9D-2DD6-4321-ADE0-23D8C1C87CC6}.Debug|Any CPU.Build.0 = Debug|Any CPU
		{490B2C9D-2DD6-4321-ADE0-23D8C1C87CC6}.Debug|x64.ActiveCfg = Debug|Any CPU
		{490B2C9D-2DD6-4321-ADE0-23D8C1C87CC6}.Debug|x64.Build.0 = Debug|Any CPU
		{490B2C9D-2DD6-4321-ADE0-23D8C1C87CC6}.Debug|x86.ActiveCfg = Debug|Any CPU
		{490B2C9D-2DD6-4321-ADE0-23D8C1C87CC6}.Debug|x86.Build.0 = Debug|Any CPU
		{490B2C9D-2DD6-4321-ADE0-23D8C1C87CC6}.Release|Any CPU.ActiveCfg = Release|Any CPU
		{490B2C9D-2DD6-4321-ADE0-23D8C1C87CC6}.Release|Any CPU.Build.0 = Release|Any CPU
		{490B2C9D-2DD6-4321-ADE0-23D8C1C87CC6}.Release|x64.ActiveCfg = Release|Any CPU
		{490B2C9D-2DD6-4321-ADE0-23D8C1C87CC6}.Release|x64.Build.0 = Release|Any CPU
		{490B2C9D-2DD6-4321-ADE0-23D8C1C87CC6}.Release|x86.ActiveCfg = Release|Any CPU
		{490B2C9D-2DD6-4321-ADE0-23D8C1C87CC6}.Release|x86.Build.0 = Release|Any CPU
		{F328B854-1675-4407-84BD-EAC9587D147E}.Debug|Any CPU.ActiveCfg = Debug|Any CPU
		{F328B854-1675-4407-84BD-EAC9587D147E}.Debug|Any CPU.Build.0 = Debug|Any CPU
		{F328B854-1675-4407-84BD-EAC9587D147E}.Debug|x64.ActiveCfg = Debug|Any CPU
		{F328B854-1675-4407-84BD-EAC9587D147E}.Debug|x64.Build.0 = Debug|Any CPU
		{F328B854-1675-4407-84BD-EAC9587D147E}.Debug|x86.ActiveCfg = Debug|Any CPU
		{F328B854-1675-4407-84BD-EAC9587D147E}.Debug|x86.Build.0 = Debug|Any CPU
		{F328B854-1675-4407-84BD-EAC9587D147E}.Release|Any CPU.ActiveCfg = Release|Any CPU
		{F328B854-1675-4407-84BD-EAC9587D147E}.Release|Any CPU.Build.0 = Release|Any CPU
		{F328B854-1675-4407-84BD-EAC9587D147E}.Release|x64.ActiveCfg = Release|Any CPU
		{F328B854-1675-4407-84BD-EAC9587D147E}.Release|x64.Build.0 = Release|Any CPU
		{F328B854-1675-4407-84BD-EAC9587D147E}.Release|x86.ActiveCfg = Release|Any CPU
		{F328B854-1675-4407-84BD-EAC9587D147E}.Release|x86.Build.0 = Release|Any CPU
		{FE8CA630-5286-4DB8-AFD7-5760F0E6CD43}.Debug|Any CPU.ActiveCfg = Debug|Any CPU
		{FE8CA630-5286-4DB8-AFD7-5760F0E6CD43}.Debug|Any CPU.Build.0 = Debug|Any CPU
		{FE8CA630-5286-4DB8-AFD7-5760F0E6CD43}.Debug|x64.ActiveCfg = Debug|Any CPU
		{FE8CA630-5286-4DB8-AFD7-5760F0E6CD43}.Debug|x64.Build.0 = Debug|Any CPU
		{FE8CA630-5286-4DB8-AFD7-5760F0E6CD43}.Debug|x86.ActiveCfg = Debug|Any CPU
		{FE8CA630-5286-4DB8-AFD7-5760F0E6CD43}.Debug|x86.Build.0 = Debug|Any CPU
		{FE8CA630-5286-4DB8-AFD7-5760F0E6CD43}.Release|Any CPU.ActiveCfg = Release|Any CPU
		{FE8CA630-5286-4DB8-AFD7-5760F0E6CD43}.Release|Any CPU.Build.0 = Release|Any CPU
		{FE8CA630-5286-4DB8-AFD7-5760F0E6CD43}.Release|x64.ActiveCfg = Release|Any CPU
		{FE8CA630-5286-4DB8-AFD7-5760F0E6CD43}.Release|x64.Build.0 = Release|Any CPU
		{FE8CA630-5286-4DB8-AFD7-5760F0E6CD43}.Release|x86.ActiveCfg = Release|Any CPU
		{FE8CA630-5286-4DB8-AFD7-5760F0E6CD43}.Release|x86.Build.0 = Release|Any CPU
		{B5622B7C-2576-403F-93DE-6231CE0FC243}.Debug|Any CPU.ActiveCfg = Debug|Any CPU
		{B5622B7C-2576-403F-93DE-6231CE0FC243}.Debug|Any CPU.Build.0 = Debug|Any CPU
		{B5622B7C-2576-403F-93DE-6231CE0FC243}.Debug|x64.ActiveCfg = Debug|Any CPU
		{B5622B7C-2576-403F-93DE-6231CE0FC243}.Debug|x64.Build.0 = Debug|Any CPU
		{B5622B7C-2576-403F-93DE-6231CE0FC243}.Debug|x86.ActiveCfg = Debug|Any CPU
		{B5622B7C-2576-403F-93DE-6231CE0FC243}.Debug|x86.Build.0 = Debug|Any CPU
		{B5622B7C-2576-403F-93DE-6231CE0FC243}.Release|Any CPU.ActiveCfg = Release|Any CPU
		{B5622B7C-2576-403F-93DE-6231CE0FC243}.Release|Any CPU.Build.0 = Release|Any CPU
		{B5622B7C-2576-403F-93DE-6231CE0FC243}.Release|x64.ActiveCfg = Release|Any CPU
		{B5622B7C-2576-403F-93DE-6231CE0FC243}.Release|x64.Build.0 = Release|Any CPU
		{B5622B7C-2576-403F-93DE-6231CE0FC243}.Release|x86.ActiveCfg = Release|Any CPU
		{B5622B7C-2576-403F-93DE-6231CE0FC243}.Release|x86.Build.0 = Release|Any CPU
		{74DC15E7-322E-4D20-8CC4-2D50EF4A3801}.Debug|Any CPU.ActiveCfg = Debug|Any CPU
		{74DC15E7-322E-4D20-8CC4-2D50EF4A3801}.Debug|Any CPU.Build.0 = Debug|Any CPU
		{74DC15E7-322E-4D20-8CC4-2D50EF4A3801}.Debug|x64.ActiveCfg = Debug|Any CPU
		{74DC15E7-322E-4D20-8CC4-2D50EF4A3801}.Debug|x64.Build.0 = Debug|Any CPU
		{74DC15E7-322E-4D20-8CC4-2D50EF4A3801}.Debug|x86.ActiveCfg = Debug|Any CPU
		{74DC15E7-322E-4D20-8CC4-2D50EF4A3801}.Debug|x86.Build.0 = Debug|Any CPU
		{74DC15E7-322E-4D20-8CC4-2D50EF4A3801}.Release|Any CPU.ActiveCfg = Release|Any CPU
		{74DC15E7-322E-4D20-8CC4-2D50EF4A3801}.Release|Any CPU.Build.0 = Release|Any CPU
		{74DC15E7-322E-4D20-8CC4-2D50EF4A3801}.Release|x64.ActiveCfg = Release|Any CPU
		{74DC15E7-322E-4D20-8CC4-2D50EF4A3801}.Release|x64.Build.0 = Release|Any CPU
		{74DC15E7-322E-4D20-8CC4-2D50EF4A3801}.Release|x86.ActiveCfg = Release|Any CPU
		{74DC15E7-322E-4D20-8CC4-2D50EF4A3801}.Release|x86.Build.0 = Release|Any CPU
		{16109077-81BD-49DF-B2B2-C8D7AC4F43B4}.Debug|Any CPU.ActiveCfg = Debug|Any CPU
		{16109077-81BD-49DF-B2B2-C8D7AC4F43B4}.Debug|Any CPU.Build.0 = Debug|Any CPU
		{16109077-81BD-49DF-B2B2-C8D7AC4F43B4}.Debug|x64.ActiveCfg = Debug|Any CPU
		{16109077-81BD-49DF-B2B2-C8D7AC4F43B4}.Debug|x64.Build.0 = Debug|Any CPU
		{16109077-81BD-49DF-B2B2-C8D7AC4F43B4}.Debug|x86.ActiveCfg = Debug|Any CPU
		{16109077-81BD-49DF-B2B2-C8D7AC4F43B4}.Debug|x86.Build.0 = Debug|Any CPU
		{16109077-81BD-49DF-B2B2-C8D7AC4F43B4}.Release|Any CPU.ActiveCfg = Release|Any CPU
		{16109077-81BD-49DF-B2B2-C8D7AC4F43B4}.Release|Any CPU.Build.0 = Release|Any CPU
		{16109077-81BD-49DF-B2B2-C8D7AC4F43B4}.Release|x64.ActiveCfg = Release|Any CPU
		{16109077-81BD-49DF-B2B2-C8D7AC4F43B4}.Release|x64.Build.0 = Release|Any CPU
		{16109077-81BD-49DF-B2B2-C8D7AC4F43B4}.Release|x86.ActiveCfg = Release|Any CPU
		{16109077-81BD-49DF-B2B2-C8D7AC4F43B4}.Release|x86.Build.0 = Release|Any CPU
		{3327BF2A-0B70-48F9-96C7-A581617086D4}.Debug|Any CPU.ActiveCfg = Debug|Any CPU
		{3327BF2A-0B70-48F9-96C7-A581617086D4}.Debug|Any CPU.Build.0 = Debug|Any CPU
		{3327BF2A-0B70-48F9-96C7-A581617086D4}.Debug|x64.ActiveCfg = Debug|Any CPU
		{3327BF2A-0B70-48F9-96C7-A581617086D4}.Debug|x64.Build.0 = Debug|Any CPU
		{3327BF2A-0B70-48F9-96C7-A581617086D4}.Debug|x86.ActiveCfg = Debug|Any CPU
		{3327BF2A-0B70-48F9-96C7-A581617086D4}.Debug|x86.Build.0 = Debug|Any CPU
		{3327BF2A-0B70-48F9-96C7-A581617086D4}.Release|Any CPU.ActiveCfg = Release|Any CPU
		{3327BF2A-0B70-48F9-96C7-A581617086D4}.Release|Any CPU.Build.0 = Release|Any CPU
		{3327BF2A-0B70-48F9-96C7-A581617086D4}.Release|x64.ActiveCfg = Release|Any CPU
		{3327BF2A-0B70-48F9-96C7-A581617086D4}.Release|x64.Build.0 = Release|Any CPU
		{3327BF2A-0B70-48F9-96C7-A581617086D4}.Release|x86.ActiveCfg = Release|Any CPU
		{3327BF2A-0B70-48F9-96C7-A581617086D4}.Release|x86.Build.0 = Release|Any CPU
		{A2A2FC25-AC70-49E3-BDE0-03184A6691D5}.Debug|Any CPU.ActiveCfg = Debug|Any CPU
		{A2A2FC25-AC70-49E3-BDE0-03184A6691D5}.Debug|Any CPU.Build.0 = Debug|Any CPU
		{A2A2FC25-AC70-49E3-BDE0-03184A6691D5}.Debug|x64.ActiveCfg = Debug|Any CPU
		{A2A2FC25-AC70-49E3-BDE0-03184A6691D5}.Debug|x64.Build.0 = Debug|Any CPU
		{A2A2FC25-AC70-49E3-BDE0-03184A6691D5}.Debug|x86.ActiveCfg = Debug|Any CPU
		{A2A2FC25-AC70-49E3-BDE0-03184A6691D5}.Debug|x86.Build.0 = Debug|Any CPU
		{A2A2FC25-AC70-49E3-BDE0-03184A6691D5}.Release|Any CPU.ActiveCfg = Release|Any CPU
		{A2A2FC25-AC70-49E3-BDE0-03184A6691D5}.Release|Any CPU.Build.0 = Release|Any CPU
		{A2A2FC25-AC70-49E3-BDE0-03184A6691D5}.Release|x64.ActiveCfg = Release|Any CPU
		{A2A2FC25-AC70-49E3-BDE0-03184A6691D5}.Release|x64.Build.0 = Release|Any CPU
		{A2A2FC25-AC70-49E3-BDE0-03184A6691D5}.Release|x86.ActiveCfg = Release|Any CPU
		{A2A2FC25-AC70-49E3-BDE0-03184A6691D5}.Release|x86.Build.0 = Release|Any CPU
		{E2C42F7C-8868-4D20-9823-74E79B67C73F}.Debug|Any CPU.ActiveCfg = Debug|Any CPU
		{E2C42F7C-8868-4D20-9823-74E79B67C73F}.Debug|Any CPU.Build.0 = Debug|Any CPU
		{E2C42F7C-8868-4D20-9823-74E79B67C73F}.Debug|x64.ActiveCfg = Debug|Any CPU
		{E2C42F7C-8868-4D20-9823-74E79B67C73F}.Debug|x64.Build.0 = Debug|Any CPU
		{E2C42F7C-8868-4D20-9823-74E79B67C73F}.Debug|x86.ActiveCfg = Debug|Any CPU
		{E2C42F7C-8868-4D20-9823-74E79B67C73F}.Debug|x86.Build.0 = Debug|Any CPU
		{E2C42F7C-8868-4D20-9823-74E79B67C73F}.Release|Any CPU.ActiveCfg = Release|Any CPU
		{E2C42F7C-8868-4D20-9823-74E79B67C73F}.Release|Any CPU.Build.0 = Release|Any CPU
		{E2C42F7C-8868-4D20-9823-74E79B67C73F}.Release|x64.ActiveCfg = Release|Any CPU
		{E2C42F7C-8868-4D20-9823-74E79B67C73F}.Release|x64.Build.0 = Release|Any CPU
		{E2C42F7C-8868-4D20-9823-74E79B67C73F}.Release|x86.ActiveCfg = Release|Any CPU
		{E2C42F7C-8868-4D20-9823-74E79B67C73F}.Release|x86.Build.0 = Release|Any CPU
		{F25822ED-67F7-43AD-BFEB-FE22B4516753}.Debug|Any CPU.ActiveCfg = Debug|Any CPU
		{F25822ED-67F7-43AD-BFEB-FE22B4516753}.Debug|Any CPU.Build.0 = Debug|Any CPU
		{F25822ED-67F7-43AD-BFEB-FE22B4516753}.Debug|x64.ActiveCfg = Debug|Any CPU
		{F25822ED-67F7-43AD-BFEB-FE22B4516753}.Debug|x64.Build.0 = Debug|Any CPU
		{F25822ED-67F7-43AD-BFEB-FE22B4516753}.Debug|x86.ActiveCfg = Debug|Any CPU
		{F25822ED-67F7-43AD-BFEB-FE22B4516753}.Debug|x86.Build.0 = Debug|Any CPU
		{F25822ED-67F7-43AD-BFEB-FE22B4516753}.Release|Any CPU.ActiveCfg = Release|Any CPU
		{F25822ED-67F7-43AD-BFEB-FE22B4516753}.Release|Any CPU.Build.0 = Release|Any CPU
		{F25822ED-67F7-43AD-BFEB-FE22B4516753}.Release|x64.ActiveCfg = Release|Any CPU
		{F25822ED-67F7-43AD-BFEB-FE22B4516753}.Release|x64.Build.0 = Release|Any CPU
		{F25822ED-67F7-43AD-BFEB-FE22B4516753}.Release|x86.ActiveCfg = Release|Any CPU
		{F25822ED-67F7-43AD-BFEB-FE22B4516753}.Release|x86.Build.0 = Release|Any CPU
		{87DC4E54-20D0-42F6-8A7E-3DEF7ACA7AAB}.Debug|Any CPU.ActiveCfg = Debug|Any CPU
		{87DC4E54-20D0-42F6-8A7E-3DEF7ACA7AAB}.Debug|Any CPU.Build.0 = Debug|Any CPU
		{87DC4E54-20D0-42F6-8A7E-3DEF7ACA7AAB}.Debug|x64.ActiveCfg = Debug|Any CPU
		{87DC4E54-20D0-42F6-8A7E-3DEF7ACA7AAB}.Debug|x64.Build.0 = Debug|Any CPU
		{87DC4E54-20D0-42F6-8A7E-3DEF7ACA7AAB}.Debug|x86.ActiveCfg = Debug|Any CPU
		{87DC4E54-20D0-42F6-8A7E-3DEF7ACA7AAB}.Debug|x86.Build.0 = Debug|Any CPU
		{87DC4E54-20D0-42F6-8A7E-3DEF7ACA7AAB}.Release|Any CPU.ActiveCfg = Release|Any CPU
		{87DC4E54-20D0-42F6-8A7E-3DEF7ACA7AAB}.Release|Any CPU.Build.0 = Release|Any CPU
		{87DC4E54-20D0-42F6-8A7E-3DEF7ACA7AAB}.Release|x64.ActiveCfg = Release|Any CPU
		{87DC4E54-20D0-42F6-8A7E-3DEF7ACA7AAB}.Release|x64.Build.0 = Release|Any CPU
		{87DC4E54-20D0-42F6-8A7E-3DEF7ACA7AAB}.Release|x86.ActiveCfg = Release|Any CPU
		{87DC4E54-20D0-42F6-8A7E-3DEF7ACA7AAB}.Release|x86.Build.0 = Release|Any CPU
	EndGlobalSection
	GlobalSection(SolutionProperties) = preSolution
		HideSolutionNode = FALSE
	EndGlobalSection
	GlobalSection(NestedProjects) = preSolution
		{97A72E53-F600-42D0-BC74-5745628A5BD6} = {827E0CD3-B72D-47B6-A68D-7590B98EB39B}
		{490B2C9D-2DD6-4321-ADE0-23D8C1C87CC6} = {827E0CD3-B72D-47B6-A68D-7590B98EB39B}
		{F328B854-1675-4407-84BD-EAC9587D147E} = {827E0CD3-B72D-47B6-A68D-7590B98EB39B}
		{FE8CA630-5286-4DB8-AFD7-5760F0E6CD43} = {827E0CD3-B72D-47B6-A68D-7590B98EB39B}
		{B5622B7C-2576-403F-93DE-6231CE0FC243} = {827E0CD3-B72D-47B6-A68D-7590B98EB39B}
		{74DC15E7-322E-4D20-8CC4-2D50EF4A3801} = {827E0CD3-B72D-47B6-A68D-7590B98EB39B}
		{CEA09484-30F6-4D44-02F6-822E06DBC57C} = {827E0CD3-B72D-47B6-A68D-7590B98EB39B}
		{16109077-81BD-49DF-B2B2-C8D7AC4F43B4} = {CEA09484-30F6-4D44-02F6-822E06DBC57C}
		{3327BF2A-0B70-48F9-96C7-A581617086D4} = {CEA09484-30F6-4D44-02F6-822E06DBC57C}
		{A2A2FC25-AC70-49E3-BDE0-03184A6691D5} = {CEA09484-30F6-4D44-02F6-822E06DBC57C}
		{E2C42F7C-8868-4D20-9823-74E79B67C73F} = {CEA09484-30F6-4D44-02F6-822E06DBC57C}
		{F25822ED-67F7-43AD-BFEB-FE22B4516753} = {CEA09484-30F6-4D44-02F6-822E06DBC57C}
		{87DC4E54-20D0-42F6-8A7E-3DEF7ACA7AAB} = {CEA09484-30F6-4D44-02F6-822E06DBC57C}
	EndGlobalSection
EndGlobal
